
Microsoft Visual Studio Solution File, Format Version 12.00
# Visual Studio Version 17
VisualStudioVersion = 17.2.32505.173
MinimumVisualStudioVersion = 10.0.40219.1
Project("{FAE04EC0-301F-11D3-BF4B-00C04F79EFBC}") = "JS", "JS\JS.csproj", "{65290791-D9CC-4E87-9A6A-235BDDB70BBF}"
EndProject
Global
	GlobalSection(SolutionConfigurationPlatforms) = preSolution
		Debug|Any CPU = Debug|Any CPU
		Release|Any CPU = Release|Any CPU
	EndGlobalSection
	GlobalSection(ProjectConfigurationPlatforms) = postSolution
		{65290791-D9CC-4E87-9A6A-235BDDB70BBF}.Debug|Any CPU.ActiveCfg = Debug|Any CPU
		{65290791-D9CC-4E87-9A6A-235BDDB70BBF}.Debug|Any CPU.Build.0 = Debug|Any CPU
		{65290791-D9CC-4E87-9A6A-235BDDB70BBF}.Release|Any CPU.ActiveCfg = Release|Any CPU
		{65290791-D9CC-4E87-9A6A-235BDDB70BBF}.Release|Any CPU.Build.0 = Release|Any CPU
	EndGlobalSection
	GlobalSection(SolutionProperties) = preSolution
		HideSolutionNode = FALSE
	EndGlobalSection
	GlobalSection(ExtensibilityGlobals) = postSolution
		SolutionGuid = {D8356C7D-7CDB-457B-9367-479646552754}
	EndGlobalSection
EndGlobal
